
Microsoft Visual Studio Solution File, Format Version 12.00
# Visual Studio Version 17
VisualStudioVersion = 17.0.31903.59
MinimumVisualStudioVersion = 10.0.40219.1
Project("{FAE04EC0-301F-11D3-BF4B-00C04F79EFBC}") = "N01D.SysMon", "N01D.SysMon\N01D.SysMon.csproj", "{A1B2C3D4-E5F6-7890-1234-567890ABCDEF}"
EndProject
Project("{FAE04EC0-301F-11D3-BF4B-00C04F79EFBC}") = "N01D.Notes", "N01D.Notes\N01D.Notes.csproj", "{B2C3D4E5-F6A7-8901-2345-67890ABCDEF0}"
EndProject
Project("{FAE04EC0-301F-11D3-BF4B-00C04F79EFBC}") = "N01D.Term", "N01D.Term\N01D.Term.csproj", "{C3D4E5F6-A7B8-9012-3456-7890ABCDEF01}"
EndProject
Project("{FAE04EC0-301F-11D3-BF4B-00C04F79EFBC}") = "N01D.Shared", "N01D.Shared\N01D.Shared.csproj", "{D4E5F6A7-B8C9-0123-4567-890ABCDEF012}"
EndProject
Project("{FAE04EC0-301F-11D3-BF4B-00C04F79EFBC}") = "N01D.Forge", "N01D.Forge\N01D.Forge.csproj", "{E5F6A7B8-C9D0-1234-5678-90ABCDEF0123}"
EndProject
Project("{FAE04EC0-301F-11D3-BF4B-00C04F79EFBC}") = "N01D.Media", "N01D.Media\N01D.Media.csproj", "{F6A7B8C9-D0E1-2345-6789-0ABCDEF01234}"
EndProject
Project("{FAE04EC0-301F-11D3-BF4B-00C04F79EFBC}") = "N01D.Vault", "N01D.Vault\N01D.Vault.csproj", "{DF98F73E-1E2D-4945-93B5-D66F42330460}"
EndProject
Project("{FAE04EC0-301F-11D3-BF4B-00C04F79EFBC}") = "N01D.Pulse", "N01D.Pulse\N01D.Pulse.csproj", "{DB58D49E-1C13-4971-B03D-BC4FEDA513FC}"
EndProject
Project("{FAE04EC0-301F-11D3-BF4B-00C04F79EFBC}") = "N01D.Calc", "N01D.Calc\N01D.Calc.csproj", "{755DE6CF-6D1B-4920-A1CB-2E95EFEA8920}"
EndProject
Project("{FAE04EC0-301F-11D3-BF4B-00C04F79EFBC}") = "N01D.Clip", "N01D.Clip\N01D.Clip.csproj", "{8E152327-ED1C-4400-A31E-AF8BA70831A4}"
EndProject
Project("{FAE04EC0-301F-11D3-BF4B-00C04F79EFBC}") = "N01D.Cron", "N01D.Cron\N01D.Cron.csproj", "{43261AC3-374E-477D-8ECC-43140352CA57}"
EndProject
Project("{FAE04EC0-301F-11D3-BF4B-00C04F79EFBC}") = "N01D.Wipe", "N01D.Wipe\N01D.Wipe.csproj", "{5B4C618A-866B-4021-9F98-E01C512FC725}"
EndProject
Global
	GlobalSection(SolutionConfigurationPlatforms) = preSolution
		Debug|Any CPU = Debug|Any CPU
		Debug|x64 = Debug|x64
		Debug|x86 = Debug|x86
		Release|Any CPU = Release|Any CPU
		Release|x64 = Release|x64
		Release|x86 = Release|x86
	EndGlobalSection
	GlobalSection(ProjectConfigurationPlatforms) = postSolution
		{A1B2C3D4-E5F6-7890-1234-567890ABCDEF}.Debug|Any CPU.ActiveCfg = Debug|Any CPU
		{A1B2C3D4-E5F6-7890-1234-567890ABCDEF}.Debug|Any CPU.Build.0 = Debug|Any CPU
		{A1B2C3D4-E5F6-7890-1234-567890ABCDEF}.Debug|x64.ActiveCfg = Debug|Any CPU
		{A1B2C3D4-E5F6-7890-1234-567890ABCDEF}.Debug|x64.Build.0 = Debug|Any CPU
		{A1B2C3D4-E5F6-7890-1234-567890ABCDEF}.Debug|x86.ActiveCfg = Debug|Any CPU
		{A1B2C3D4-E5F6-7890-1234-567890ABCDEF}.Debug|x86.Build.0 = Debug|Any CPU
		{A1B2C3D4-E5F6-7890-1234-567890ABCDEF}.Release|Any CPU.ActiveCfg = Release|Any CPU
		{A1B2C3D4-E5F6-7890-1234-567890ABCDEF}.Release|Any CPU.Build.0 = Release|Any CPU
		{A1B2C3D4-E5F6-7890-1234-567890ABCDEF}.Release|x64.ActiveCfg = Release|Any CPU
		{A1B2C3D4-E5F6-7890-1234-567890ABCDEF}.Release|x64.Build.0 = Release|Any CPU
		{A1B2C3D4-E5F6-7890-1234-567890ABCDEF}.Release|x86.ActiveCfg = Release|Any CPU
		{A1B2C3D4-E5F6-7890-1234-567890ABCDEF}.Release|x86.Build.0 = Release|Any CPU
		{B2C3D4E5-F6A7-8901-2345-67890ABCDEF0}.Debug|Any CPU.ActiveCfg = Debug|Any CPU
		{B2C3D4E5-F6A7-8901-2345-67890ABCDEF0}.Debug|Any CPU.Build.0 = Debug|Any CPU
		{B2C3D4E5-F6A7-8901-2345-67890ABCDEF0}.Debug|x64.ActiveCfg = Debug|Any CPU
		{B2C3D4E5-F6A7-8901-2345-67890ABCDEF0}.Debug|x64.Build.0 = Debug|Any CPU
		{B2C3D4E5-F6A7-8901-2345-67890ABCDEF0}.Debug|x86.ActiveCfg = Debug|Any CPU
		{B2C3D4E5-F6A7-8901-2345-67890ABCDEF0}.Debug|x86.Build.0 = Debug|Any CPU
		{B2C3D4E5-F6A7-8901-2345-67890ABCDEF0}.Release|Any CPU.ActiveCfg = Release|Any CPU
		{B2C3D4E5-F6A7-8901-2345-67890ABCDEF0}.Release|Any CPU.Build.0 = Release|Any CPU
		{B2C3D4E5-F6A7-8901-2345-67890ABCDEF0}.Release|x64.ActiveCfg = Release|Any CPU
		{B2C3D4E5-F6A7-8901-2345-67890ABCDEF0}.Release|x64.Build.0 = Release|Any CPU
		{B2C3D4E5-F6A7-8901-2345-67890ABCDEF0}.Release|x86.ActiveCfg = Release|Any CPU
		{B2C3D4E5-F6A7-8901-2345-67890ABCDEF0}.Release|x86.Build.0 = Release|Any CPU
		{C3D4E5F6-A7B8-9012-3456-7890ABCDEF01}.Debug|Any CPU.ActiveCfg = Debug|Any CPU
		{C3D4E5F6-A7B8-9012-3456-7890ABCDEF01}.Debug|Any CPU.Build.0 = Debug|Any CPU
		{C3D4E5F6-A7B8-9012-3456-7890ABCDEF01}.Debug|x64.ActiveCfg = Debug|Any CPU
		{C3D4E5F6-A7B8-9012-3456-7890ABCDEF01}.Debug|x64.Build.0 = Debug|Any CPU
		{C3D4E5F6-A7B8-9012-3456-7890ABCDEF01}.Debug|x86.ActiveCfg = Debug|Any CPU
		{C3D4E5F6-A7B8-9012-3456-7890ABCDEF01}.Debug|x86.Build.0 = Debug|Any CPU
		{C3D4E5F6-A7B8-9012-3456-7890ABCDEF01}.Release|Any CPU.ActiveCfg = Release|Any CPU
		{C3D4E5F6-A7B8-9012-3456-7890ABCDEF01}.Release|Any CPU.Build.0 = Release|Any CPU
		{C3D4E5F6-A7B8-9012-3456-7890ABCDEF01}.Release|x64.ActiveCfg = Release|Any CPU
		{C3D4E5F6-A7B8-9012-3456-7890ABCDEF01}.Release|x64.Build.0 = Release|Any CPU
		{C3D4E5F6-A7B8-9012-3456-7890ABCDEF01}.Release|x86.ActiveCfg = Release|Any CPU
		{C3D4E5F6-A7B8-9012-3456-7890ABCDEF01}.Release|x86.Build.0 = Release|Any CPU
		{D4E5F6A7-B8C9-0123-4567-890ABCDEF012}.Debug|Any CPU.ActiveCfg = Debug|Any CPU
		{D4E5F6A7-B8C9-0123-4567-890ABCDEF012}.Debug|Any CPU.Build.0 = Debug|Any CPU
		{D4E5F6A7-B8C9-0123-4567-890ABCDEF012}.Debug|x64.ActiveCfg = Debug|Any CPU
		{D4E5F6A7-B8C9-0123-4567-890ABCDEF012}.Debug|x64.Build.0 = Debug|Any CPU
		{D4E5F6A7-B8C9-0123-4567-890ABCDEF012}.Debug|x86.ActiveCfg = Debug|Any CPU
		{D4E5F6A7-B8C9-0123-4567-890ABCDEF012}.Debug|x86.Build.0 = Debug|Any CPU
		{D4E5F6A7-B8C9-0123-4567-890ABCDEF012}.Release|Any CPU.ActiveCfg = Release|Any CPU
		{D4E5F6A7-B8C9-0123-4567-890ABCDEF012}.Release|Any CPU.Build.0 = Release|Any CPU
		{D4E5F6A7-B8C9-0123-4567-890ABCDEF012}.Release|x64.ActiveCfg = Release|Any CPU
		{D4E5F6A7-B8C9-0123-4567-890ABCDEF012}.Release|x64.Build.0 = Release|Any CPU
		{D4E5F6A7-B8C9-0123-4567-890ABCDEF012}.Release|x86.ActiveCfg = Release|Any CPU
		{D4E5F6A7-B8C9-0123-4567-890ABCDEF012}.Release|x86.Build.0 = Release|Any CPU
		{E5F6A7B8-C9D0-1234-5678-90ABCDEF0123}.Debug|Any CPU.ActiveCfg = Debug|Any CPU
		{E5F6A7B8-C9D0-1234-5678-90ABCDEF0123}.Debug|Any CPU.Build.0 = Debug|Any CPU
		{E5F6A7B8-C9D0-1234-5678-90ABCDEF0123}.Debug|x64.ActiveCfg = Debug|Any CPU
		{E5F6A7B8-C9D0-1234-5678-90ABCDEF0123}.Debug|x64.Build.0 = Debug|Any CPU
		{E5F6A7B8-C9D0-1234-5678-90ABCDEF0123}.Debug|x86.ActiveCfg = Debug|Any CPU
		{E5F6A7B8-C9D0-1234-5678-90ABCDEF0123}.Debug|x86.Build.0 = Debug|Any CPU
		{E5F6A7B8-C9D0-1234-5678-90ABCDEF0123}.Release|Any CPU.ActiveCfg = Release|Any CPU
		{E5F6A7B8-C9D0-1234-5678-90ABCDEF0123}.Release|Any CPU.Build.0 = Release|Any CPU
		{E5F6A7B8-C9D0-1234-5678-90ABCDEF0123}.Release|x64.ActiveCfg = Release|Any CPU
		{E5F6A7B8-C9D0-1234-5678-90ABCDEF0123}.Release|x64.Build.0 = Release|Any CPU
		{E5F6A7B8-C9D0-1234-5678-90ABCDEF0123}.Release|x86.ActiveCfg = Release|Any CPU
		{E5F6A7B8-C9D0-1234-5678-90ABCDEF0123}.Release|x86.Build.0 = Release|Any CPU
		{F6A7B8C9-D0E1-2345-6789-0ABCDEF01234}.Debug|Any CPU.ActiveCfg = Debug|Any CPU
		{F6A7B8C9-D0E1-2345-6789-0ABCDEF01234}.Debug|Any CPU.Build.0 = Debug|Any CPU
		{F6A7B8C9-D0E1-2345-6789-0ABCDEF01234}.Debug|x64.ActiveCfg = Debug|Any CPU
		{F6A7B8C9-D0E1-2345-6789-0ABCDEF01234}.Debug|x64.Build.0 = Debug|Any CPU
		{F6A7B8C9-D0E1-2345-6789-0ABCDEF01234}.Debug|x86.ActiveCfg = Debug|Any CPU
		{F6A7B8C9-D0E1-2345-6789-0ABCDEF01234}.Debug|x86.Build.0 = Debug|Any CPU
		{F6A7B8C9-D0E1-2345-6789-0ABCDEF01234}.Release|Any CPU.ActiveCfg = Release|Any CPU
		{F6A7B8C9-D0E1-2345-6789-0ABCDEF01234}.Release|Any CPU.Build.0 = Release|Any CPU
		{F6A7B8C9-D0E1-2345-6789-0ABCDEF01234}.Release|x64.ActiveCfg = Release|Any CPU
		{F6A7B8C9-D0E1-2345-6789-0ABCDEF01234}.Release|x64.Build.0 = Release|Any CPU
		{F6A7B8C9-D0E1-2345-6789-0ABCDEF01234}.Release|x86.ActiveCfg = Release|Any CPU
		{F6A7B8C9-D0E1-2345-6789-0ABCDEF01234}.Release|x86.Build.0 = Release|Any CPU
		{DF98F73E-1E2D-4945-93B5-D66F42330460}.Debug|Any CPU.ActiveCfg = Debug|Any CPU
		{DF98F73E-1E2D-4945-93B5-D66F42330460}.Debug|Any CPU.Build.0 = Debug|Any CPU
		{DF98F73E-1E2D-4945-93B5-D66F42330460}.Debug|x64.ActiveCfg = Debug|Any CPU
		{DF98F73E-1E2D-4945-93B5-D66F42330460}.Debug|x64.Build.0 = Debug|Any CPU
		{DF98F73E-1E2D-4945-93B5-D66F42330460}.Debug|x86.ActiveCfg = Debug|Any CPU
		{DF98F73E-1E2D-4945-93B5-D66F42330460}.Debug|x86.Build.0 = Debug|Any CPU
		{DF98F73E-1E2D-4945-93B5-D66F42330460}.Release|Any CPU.ActiveCfg = Release|Any CPU
		{DF98F73E-1E2D-4945-93B5-D66F42330460}.Release|Any CPU.Build.0 = Release|Any CPU
		{DF98F73E-1E2D-4945-93B5-D66F42330460}.Release|x64.ActiveCfg = Release|Any CPU
		{DF98F73E-1E2D-4945-93B5-D66F42330460}.Release|x64.Build.0 = Release|Any CPU
		{DF98F73E-1E2D-4945-93B5-D66F42330460}.Release|x86.ActiveCfg = Release|Any CPU
		{DF98F73E-1E2D-4945-93B5-D66F42330460}.Release|x86.Build.0 = Release|Any CPU
		{DB58D49E-1C13-4971-B03D-BC4FEDA513FC}.Debug|Any CPU.ActiveCfg = Debug|Any CPU
		{DB58D49E-1C13-4971-B03D-BC4FEDA513FC}.Debug|Any CPU.Build.0 = Debug|Any CPU
		{DB58D49E-1C13-4971-B03D-BC4FEDA513FC}.Debug|x64.ActiveCfg = Debug|Any CPU
		{DB58D49E-1C13-4971-B03D-BC4FEDA513FC}.Debug|x64.Build.0 = Debug|Any CPU
		{DB58D49E-1C13-4971-B03D-BC4FEDA513FC}.Debug|x86.ActiveCfg = Debug|Any CPU
		{DB58D49E-1C13-4971-B03D-BC4FEDA513FC}.Debug|x86.Build.0 = Debug|Any CPU
		{DB58D49E-1C13-4971-B03D-BC4FEDA513FC}.Release|Any CPU.ActiveCfg = Release|Any CPU
		{DB58D49E-1C13-4971-B03D-BC4FEDA513FC}.Release|Any CPU.Build.0 = Release|Any CPU
		{DB58D49E-1C13-4971-B03D-BC4FEDA513FC}.Release|x64.ActiveCfg = Release|Any CPU
		{DB58D49E-1C13-4971-B03D-BC4FEDA513FC}.Release|x64.Build.0 = Release|Any CPU
		{DB58D49E-1C13-4971-B03D-BC4FEDA513FC}.Release|x86.ActiveCfg = Release|Any CPU
		{DB58D49E-1C13-4971-B03D-BC4FEDA513FC}.Release|x86.Build.0 = Release|Any CPU
		{755DE6CF-6D1B-4920-A1CB-2E95EFEA8920}.Debug|Any CPU.ActiveCfg = Debug|Any CPU
		{755DE6CF-6D1B-4920-A1CB-2E95EFEA8920}.Debug|Any CPU.Build.0 = Debug|Any CPU
		{755DE6CF-6D1B-4920-A1CB-2E95EFEA8920}.Debug|x64.ActiveCfg = Debug|Any CPU
		{755DE6CF-6D1B-4920-A1CB-2E95EFEA8920}.Debug|x64.Build.0 = Debug|Any CPU
		{755DE6CF-6D1B-4920-A1CB-2E95EFEA8920}.Debug|x86.ActiveCfg = Debug|Any CPU
		{755DE6CF-6D1B-4920-A1CB-2E95EFEA8920}.Debug|x86.Build.0 = Debug|Any CPU
		{755DE6CF-6D1B-4920-A1CB-2E95EFEA8920}.Release|Any CPU.ActiveCfg = Release|Any CPU
		{755DE6CF-6D1B-4920-A1CB-2E95EFEA8920}.Release|Any CPU.Build.0 = Release|Any CPU
		{755DE6CF-6D1B-4920-A1CB-2E95EFEA8920}.Release|x64.ActiveCfg = Release|Any CPU
		{755DE6CF-6D1B-4920-A1CB-2E95EFEA8920}.Release|x64.Build.0 = Release|Any CPU
		{755DE6CF-6D1B-4920-A1CB-2E95EFEA8920}.Release|x86.ActiveCfg = Release|Any CPU
		{755DE6CF-6D1B-4920-A1CB-2E95EFEA8920}.Release|x86.Build.0 = Release|Any CPU
		{8E152327-ED1C-4400-A31E-AF8BA70831A4}.Debug|Any CPU.ActiveCfg = Debug|Any CPU
		{8E152327-ED1C-4400-A31E-AF8BA70831A4}.Debug|Any CPU.Build.0 = Debug|Any CPU
		{8E152327-ED1C-4400-A31E-AF8BA70831A4}.Debug|x64.ActiveCfg = Debug|Any CPU
		{8E152327-ED1C-4400-A31E-AF8BA70831A4}.Debug|x64.Build.0 = Debug|Any CPU
		{8E152327-ED1C-4400-A31E-AF8BA70831A4}.Debug|x86.ActiveCfg = Debug|Any CPU
		{8E152327-ED1C-4400-A31E-AF8BA70831A4}.Debug|x86.Build.0 = Debug|Any CPU
		{8E152327-ED1C-4400-A31E-AF8BA70831A4}.Release|Any CPU.ActiveCfg = Release|Any CPU
		{8E152327-ED1C-4400-A31E-AF8BA70831A4}.Release|Any CPU.Build.0 = Release|Any CPU
		{8E152327-ED1C-4400-A31E-AF8BA70831A4}.Release|x64.ActiveCfg = Release|Any CPU
		{8E152327-ED1C-4400-A31E-AF8BA70831A4}.Release|x64.Build.0 = Release|Any CPU
		{8E152327-ED1C-4400-A31E-AF8BA70831A4}.Release|x86.ActiveCfg = Release|Any CPU
		{8E152327-ED1C-4400-A31E-AF8BA70831A4}.Release|x86.Build.0 = Release|Any CPU
		{43261AC3-374E-477D-8ECC-43140352CA57}.Debug|Any CPU.ActiveCfg = Debug|Any CPU
		{43261AC3-374E-477D-8ECC-43140352CA57}.Debug|Any CPU.Build.0 = Debug|Any CPU
		{43261AC3-374E-477D-8ECC-43140352CA57}.Debug|x64.ActiveCfg = Debug|Any CPU
		{43261AC3-374E-477D-8ECC-43140352CA57}.Debug|x64.Build.0 = Debug|Any CPU
		{43261AC3-374E-477D-8ECC-43140352CA57}.Debug|x86.ActiveCfg = Debug|Any CPU
		{43261AC3-374E-477D-8ECC-43140352CA57}.Debug|x86.Build.0 = Debug|Any CPU
		{43261AC3-374E-477D-8ECC-43140352CA57}.Release|Any CPU.ActiveCfg = Release|Any CPU
		{43261AC3-374E-477D-8ECC-43140352CA57}.Release|Any CPU.Build.0 = Release|Any CPU
		{43261AC3-374E-477D-8ECC-43140352CA57}.Release|x64.ActiveCfg = Release|Any CPU
		{43261AC3-374E-477D-8ECC-43140352CA57}.Release|x64.Build.0 = Release|Any CPU
		{43261AC3-374E-477D-8ECC-43140352CA57}.Release|x86.ActiveCfg = Release|Any CPU
		{43261AC3-374E-477D-8ECC-43140352CA57}.Release|x86.Build.0 = Release|Any CPU
		{5B4C618A-866B-4021-9F98-E01C512FC725}.Debug|Any CPU.ActiveCfg = Debug|Any CPU
		{5B4C618A-866B-4021-9F98-E01C512FC725}.Debug|Any CPU.Build.0 = Debug|Any CPU
		{5B4C618A-866B-4021-9F98-E01C512FC725}.Debug|x64.ActiveCfg = Debug|Any CPU
		{5B4C618A-866B-4021-9F98-E01C512FC725}.Debug|x64.Build.0 = Debug|Any CPU
		{5B4C618A-866B-4021-9F98-E01C512FC725}.Debug|x86.ActiveCfg = Debug|Any CPU
		{5B4C618A-866B-4021-9F98-E01C512FC725}.Debug|x86.Build.0 = Debug|Any CPU
		{5B4C618A-866B-4021-9F98-E01C512FC725}.Release|Any CPU.ActiveCfg = Release|Any CPU
		{5B4C618A-866B-4021-9F98-E01C512FC725}.Release|Any CPU.Build.0 = Release|Any CPU
		{5B4C618A-866B-4021-9F98-E01C512FC725}.Release|x64.ActiveCfg = Release|Any CPU
		{5B4C618A-866B-4021-9F98-E01C512FC725}.Release|x64.Build.0 = Release|Any CPU
		{5B4C618A-866B-4021-9F98-E01C512FC725}.Release|x86.ActiveCfg = Release|Any CPU
		{5B4C618A-866B-4021-9F98-E01C512FC725}.Release|x86.Build.0 = Release|Any CPU
	EndGlobalSection
	GlobalSection(SolutionProperties) = preSolution
		HideSolutionNode = FALSE
	EndGlobalSection
EndGlobal
